PODS:
  - Flutter (1.0.0)
  - flutter_native_text_input (2.2.0):
    - Flutter

DEPENDENCIES:
  - Flutter (from `Flutter`)
  - flutter_native_text_input (from `.symlinks/plugins/flutter_native_text_input/ios`)

EXTERNAL SOURCES:
  Flutter:
    :path: Flutter
  flutter_native_text_input:
    :path: ".symlinks/plugins/flutter_native_text_input/ios"

SPEC CHECKSUMS:
  Flutter: e0871f40cf51350855a761d2e70bf5af5b9b5de7
  flutter_native_text_input: cbeda21a8ff02fd4ba5899face6e2205f7b2adbe

PODFILE CHECKSUM: 1a782344d33c12ced0182eeab11e8668d253eb48

COCOAPODS: 1.16.2
